
Microsoft Visual Studio Solution File, Format Version 12.00
# Visual Studio Version 16
VisualStudioVersion = 16.0.30309.148
MinimumVisualStudioVersion = 10.0.40219.1
Project("{9A19103F-16F7-4668-BE54-9A1E7A4F7556}") = "HttpTracker", "src\HttpTracker\HttpTracker.csproj", "{3774BEBA-0BB8-4C17-A421-B6183F7E11A1}"
EndProject
Project("{9A19103F-16F7-4668-BE54-9A1E7A4F7556}") = "HttpTracker.Core", "src\HttpTracker.Core\HttpTracker.Core.csproj", "{B0BBCCFF-97D6-423B-ABF5-ACC8FFBAD986}"
EndProject
Project("{9A19103F-16F7-4668-BE54-9A1E7A4F7556}") = "HttpTracker.MongoDb", "src\HttpTracker.MongoDb\HttpTracker.MongoDb.csproj", "{3E2EC6C1-ECA3-4485-BEDC-4090412CEEB4}"
EndProject
Project("{9A19103F-16F7-4668-BE54-9A1E7A4F7556}") = "HttpTracker.Elasticsearch", "src\HttpTracker.Elasticsearch\HttpTracker.Elasticsearch.csproj", "{FBD68B65-EDFB-4C19-B6B3-D642778C281A}"
EndProject
Project("{2150E333-8FDC-42A3-9474-1A3956D46DE8}") = "test", "test", "{2BD73F3E-2B02-4F3A-A0ED-053D8CCA31AE}"
EndProject
Project("{2150E333-8FDC-42A3-9474-1A3956D46DE8}") = "solution-items", "solution-items", "{DFE18D98-2049-483D-9F2B-5228FE6C00A4}"
	ProjectSection(SolutionItems) = preProject
		.gitattributes = .gitattributes
		.gitignore = .gitignore
		common.props = common.props
		LICENSE = LICENSE
		README.md = README.md
	EndProjectSection
EndProject
Project("{2150E333-8FDC-42A3-9474-1A3956D46DE8}") = "storage", "storage", "{C5E3810D-5CA5-49F4-9F19-62523B4655D3}"
EndProject
Project("{9A19103F-16F7-4668-BE54-9A1E7A4F7556}") = "HttpTracker.Elasticsearch.Tests", "test\HttpTracker.Elasticsearch.Tests\HttpTracker.Elasticsearch.Tests.csproj", "{47C0DC24-A1BC-41DF-8157-558BCC7D8AB9}"
EndProject
Project("{9A19103F-16F7-4668-BE54-9A1E7A4F7556}") = "HttpTracker.MongoDb.Tests", "test\HttpTracker.MongoDb.Tests\HttpTracker.MongoDb.Tests.csproj", "{6422771B-93F3-4D4B-BE35-545003CD177D}"
EndProject
Project("{2150E333-8FDC-42A3-9474-1A3956D46DE8}") = "src", "src", "{D9B3FC08-6035-4DB1-B419-5848654F4986}"
EndProject
Project("{9A19103F-16F7-4668-BE54-9A1E7A4F7556}") = "HttpTracker.MySql", "src\HttpTracker.MySql\HttpTracker.MySql.csproj", "{18618C90-93A7-4275-89EE-7A90090AE161}"
EndProject
Project("{9A19103F-16F7-4668-BE54-9A1E7A4F7556}") = "HttpTracker.MySql.Tests", "test\HttpTracker.MySql.Tests\HttpTracker.MySql.Tests.csproj", "{3D8AF0B5-C6D8-440C-83C7-773C53E37C19}"
EndProject
Project("{9A19103F-16F7-4668-BE54-9A1E7A4F7556}") = "HttpTracker.SQLite", "src\HttpTracker.SQLite\HttpTracker.SQLite.csproj", "{B90AF4AF-37A0-437A-8661-79ACB54BAFC4}"
EndProject
Project("{9A19103F-16F7-4668-BE54-9A1E7A4F7556}") = "HttpTracker.SQLServer", "src\HttpTracker.SQLServer\HttpTracker.SQLServer.csproj", "{20AB5777-D874-45DA-9E32-3A345211E3AB}"
EndProject
Project("{9A19103F-16F7-4668-BE54-9A1E7A4F7556}") = "HttpTracker.PostgreSQL", "src\HttpTracker.PostgreSQL\HttpTracker.PostgreSQL.csproj", "{0AC75DFD-C14C-42EF-A8F5-3DE82715A569}"
EndProject
Project("{9A19103F-16F7-4668-BE54-9A1E7A4F7556}") = "HttpTracker.Oracle", "src\HttpTracker.Oracle\HttpTracker.Oracle.csproj", "{283F3B4E-18C9-4158-A733-7E8E4E62C67F}"
EndProject
Project("{9A19103F-16F7-4668-BE54-9A1E7A4F7556}") = "HttpTracker.SQLServer.Tests", "test\HttpTracker.SQLServer.Tests\HttpTracker.SQLServer.Tests.csproj", "{BB73D999-2E78-45DB-97BE-490B76802E8B}"
EndProject
Project("{9A19103F-16F7-4668-BE54-9A1E7A4F7556}") = "HttpTracker.SQLite.Tests", "test\HttpTracker.SQLite.Tests\HttpTracker.SQLite.Tests.csproj", "{D50854B5-0796-4904-8A09-A00CE83C39EC}"
EndProject
Project("{2150E333-8FDC-42A3-9474-1A3956D46DE8}") = "samples", "samples", "{D904EB73-065C-44DA-9CFE-F65B7800A56E}"
EndProject
Project("{9A19103F-16F7-4668-BE54-9A1E7A4F7556}") = "HttpTracker.Demo", "samples\HttpTracker.Demo\HttpTracker.Demo.csproj", "{9F31C972-9AD6-4FCC-A6A6-2EDCD59F210E}"
EndProject
Project("{2150E333-8FDC-42A3-9474-1A3956D46DE8}") = "dashboard", "dashboard", "{1F450B58-329A-42AD-BA3E-8628723122C3}"
EndProject
Project("{9A19103F-16F7-4668-BE54-9A1E7A4F7556}") = "HttpTracker.Dashboard.API", "src\HttpTracker.Dashboard.API\HttpTracker.Dashboard.API.csproj", "{67FA8D65-5C3F-4FF1-8807-E1919BEDB917}"
EndProject
Project("{9A19103F-16F7-4668-BE54-9A1E7A4F7556}") = "HttpTracker.Dashboard", "src\HttpTracker.Dashboard\HttpTracker.Dashboard.csproj", "{ADD5ED39-3141-4683-8835-A2FB0FD309AB}"
EndProject
Project("{9A19103F-16F7-4668-BE54-9A1E7A4F7556}") = "HttpTracker.Dashboard.Blazor", "src\HttpTracker.Dashboard.Blazor\HttpTracker.Dashboard.Blazor.csproj", "{AB941C9D-698E-4E14-85B6-E5D8D4C5B2D5}"
EndProject
Project("{2150E333-8FDC-42A3-9474-1A3956D46DE8}") = "build", "build", "{34E8F75C-A1D0-4D44-B931-E040CAE007E0}"
	ProjectSection(SolutionItems) = preProject
		build-ui.ps1 = build-ui.ps1
	EndProjectSection
EndProject
Global
	GlobalSection(SolutionConfigurationPlatforms) = preSolution
		Debug|Any CPU = Debug|Any CPU
		Release|Any CPU = Release|Any CPU
	EndGlobalSection
	GlobalSection(ProjectConfigurationPlatforms) = postSolution
		{3774BEBA-0BB8-4C17-A421-B6183F7E11A1}.Debug|Any CPU.ActiveCfg = Debug|Any CPU
		{3774BEBA-0BB8-4C17-A421-B6183F7E11A1}.Debug|Any CPU.Build.0 = Debug|Any CPU
		{3774BEBA-0BB8-4C17-A421-B6183F7E11A1}.Release|Any CPU.ActiveCfg = Release|Any CPU
		{3774BEBA-0BB8-4C17-A421-B6183F7E11A1}.Release|Any CPU.Build.0 = Release|Any CPU
		{B0BBCCFF-97D6-423B-ABF5-ACC8FFBAD986}.Debug|Any CPU.ActiveCfg = Debug|Any CPU
		{B0BBCCFF-97D6-423B-ABF5-ACC8FFBAD986}.Debug|Any CPU.Build.0 = Debug|Any CPU
		{B0BBCCFF-97D6-423B-ABF5-ACC8FFBAD986}.Release|Any CPU.ActiveCfg = Release|Any CPU
		{B0BBCCFF-97D6-423B-ABF5-ACC8FFBAD986}.Release|Any CPU.Build.0 = Release|Any CPU
		{3E2EC6C1-ECA3-4485-BEDC-4090412CEEB4}.Debug|Any CPU.ActiveCfg = Debug|Any CPU
		{3E2EC6C1-ECA3-4485-BEDC-4090412CEEB4}.Debug|Any CPU.Build.0 = Debug|Any CPU
		{3E2EC6C1-ECA3-4485-BEDC-4090412CEEB4}.Release|Any CPU.ActiveCfg = Release|Any CPU
		{3E2EC6C1-ECA3-4485-BEDC-4090412CEEB4}.Release|Any CPU.Build.0 = Release|Any CPU
		{FBD68B65-EDFB-4C19-B6B3-D642778C281A}.Debug|Any CPU.ActiveCfg = Debug|Any CPU
		{FBD68B65-EDFB-4C19-B6B3-D642778C281A}.Debug|Any CPU.Build.0 = Debug|Any CPU
		{FBD68B65-EDFB-4C19-B6B3-D642778C281A}.Release|Any CPU.ActiveCfg = Release|Any CPU
		{FBD68B65-EDFB-4C19-B6B3-D642778C281A}.Release|Any CPU.Build.0 = Release|Any CPU
		{47C0DC24-A1BC-41DF-8157-558BCC7D8AB9}.Debug|Any CPU.ActiveCfg = Debug|Any CPU
		{47C0DC24-A1BC-41DF-8157-558BCC7D8AB9}.Debug|Any CPU.Build.0 = Debug|Any CPU
		{47C0DC24-A1BC-41DF-8157-558BCC7D8AB9}.Release|Any CPU.ActiveCfg = Release|Any CPU
		{47C0DC24-A1BC-41DF-8157-558BCC7D8AB9}.Release|Any CPU.Build.0 = Release|Any CPU
		{6422771B-93F3-4D4B-BE35-545003CD177D}.Debug|Any CPU.ActiveCfg = Debug|Any CPU
		{6422771B-93F3-4D4B-BE35-545003CD177D}.Debug|Any CPU.Build.0 = Debug|Any CPU
		{6422771B-93F3-4D4B-BE35-545003CD177D}.Release|Any CPU.ActiveCfg = Release|Any CPU
		{6422771B-93F3-4D4B-BE35-545003CD177D}.Release|Any CPU.Build.0 = Release|Any CPU
		{18618C90-93A7-4275-89EE-7A90090AE161}.Debug|Any CPU.ActiveCfg = Debug|Any CPU
		{18618C90-93A7-4275-89EE-7A90090AE161}.Debug|Any CPU.Build.0 = Debug|Any CPU
		{18618C90-93A7-4275-89EE-7A90090AE161}.Release|Any CPU.ActiveCfg = Release|Any CPU
		{18618C90-93A7-4275-89EE-7A90090AE161}.Release|Any CPU.Build.0 = Release|Any CPU
		{3D8AF0B5-C6D8-440C-83C7-773C53E37C19}.Debug|Any CPU.ActiveCfg = Debug|Any CPU
		{3D8AF0B5-C6D8-440C-83C7-773C53E37C19}.Debug|Any CPU.Build.0 = Debug|Any CPU
		{3D8AF0B5-C6D8-440C-83C7-773C53E37C19}.Release|Any CPU.ActiveCfg = Release|Any CPU
		{3D8AF0B5-C6D8-440C-83C7-773C53E37C19}.Release|Any CPU.Build.0 = Release|Any CPU
		{B90AF4AF-37A0-437A-8661-79ACB54BAFC4}.Debug|Any CPU.ActiveCfg = Debug|Any CPU
		{B90AF4AF-37A0-437A-8661-79ACB54BAFC4}.Debug|Any CPU.Build.0 = Debug|Any CPU
		{B90AF4AF-37A0-437A-8661-79ACB54BAFC4}.Release|Any CPU.ActiveCfg = Release|Any CPU
		{B90AF4AF-37A0-437A-8661-79ACB54BAFC4}.Release|Any CPU.Build.0 = Release|Any CPU
		{20AB5777-D874-45DA-9E32-3A345211E3AB}.Debug|Any CPU.ActiveCfg = Debug|Any CPU
		{20AB5777-D874-45DA-9E32-3A345211E3AB}.Debug|Any CPU.Build.0 = Debug|Any CPU
		{20AB5777-D874-45DA-9E32-3A345211E3AB}.Release|Any CPU.ActiveCfg = Release|Any CPU
		{20AB5777-D874-45DA-9E32-3A345211E3AB}.Release|Any CPU.Build.0 = Release|Any CPU
		{0AC75DFD-C14C-42EF-A8F5-3DE82715A569}.Debug|Any CPU.ActiveCfg = Debug|Any CPU
		{0AC75DFD-C14C-42EF-A8F5-3DE82715A569}.Debug|Any CPU.Build.0 = Debug|Any CPU
		{0AC75DFD-C14C-42EF-A8F5-3DE82715A569}.Release|Any CPU.ActiveCfg = Release|Any CPU
		{0AC75DFD-C14C-42EF-A8F5-3DE82715A569}.Release|Any CPU.Build.0 = Release|Any CPU
		{283F3B4E-18C9-4158-A733-7E8E4E62C67F}.Debug|Any CPU.ActiveCfg = Debug|Any CPU
		{283F3B4E-18C9-4158-A733-7E8E4E62C67F}.Debug|Any CPU.Build.0 = Debug|Any CPU
		{283F3B4E-18C9-4158-A733-7E8E4E62C67F}.Release|Any CPU.ActiveCfg = Release|Any CPU
		{283F3B4E-18C9-4158-A733-7E8E4E62C67F}.Release|Any CPU.Build.0 = Release|Any CPU
		{BB73D999-2E78-45DB-97BE-490B76802E8B}.Debug|Any CPU.ActiveCfg = Debug|Any CPU
		{BB73D999-2E78-45DB-97BE-490B76802E8B}.Debug|Any CPU.Build.0 = Debug|Any CPU
		{BB73D999-2E78-45DB-97BE-490B76802E8B}.Release|Any CPU.ActiveCfg = Release|Any CPU
		{BB73D999-2E78-45DB-97BE-490B76802E8B}.Release|Any CPU.Build.0 = Release|Any CPU
		{D50854B5-0796-4904-8A09-A00CE83C39EC}.Debug|Any CPU.ActiveCfg = Debug|Any CPU
		{D50854B5-0796-4904-8A09-A00CE83C39EC}.Debug|Any CPU.Build.0 = Debug|Any CPU
		{D50854B5-0796-4904-8A09-A00CE83C39EC}.Release|Any CPU.ActiveCfg = Release|Any CPU
		{D50854B5-0796-4904-8A09-A00CE83C39EC}.Release|Any CPU.Build.0 = Release|Any CPU
		{9F31C972-9AD6-4FCC-A6A6-2EDCD59F210E}.Debug|Any CPU.ActiveCfg = Debug|Any CPU
		{9F31C972-9AD6-4FCC-A6A6-2EDCD59F210E}.Debug|Any CPU.Build.0 = Debug|Any CPU
		{9F31C972-9AD6-4FCC-A6A6-2EDCD59F210E}.Release|Any CPU.ActiveCfg = Release|Any CPU
		{9F31C972-9AD6-4FCC-A6A6-2EDCD59F210E}.Release|Any CPU.Build.0 = Release|Any CPU
		{67FA8D65-5C3F-4FF1-8807-E1919BEDB917}.Debug|Any CPU.ActiveCfg = Debug|Any CPU
		{67FA8D65-5C3F-4FF1-8807-E1919BEDB917}.Debug|Any CPU.Build.0 = Debug|Any CPU
		{67FA8D65-5C3F-4FF1-8807-E1919BEDB917}.Release|Any CPU.ActiveCfg = Release|Any CPU
		{67FA8D65-5C3F-4FF1-8807-E1919BEDB917}.Release|Any CPU.Build.0 = Release|Any CPU
		{ADD5ED39-3141-4683-8835-A2FB0FD309AB}.Debug|Any CPU.ActiveCfg = Debug|Any CPU
		{ADD5ED39-3141-4683-8835-A2FB0FD309AB}.Debug|Any CPU.Build.0 = Debug|Any CPU
		{ADD5ED39-3141-4683-8835-A2FB0FD309AB}.Release|Any CPU.ActiveCfg = Release|Any CPU
		{ADD5ED39-3141-4683-8835-A2FB0FD309AB}.Release|Any CPU.Build.0 = Release|Any CPU
		{AB941C9D-698E-4E14-85B6-E5D8D4C5B2D5}.Debug|Any CPU.ActiveCfg = Debug|Any CPU
		{AB941C9D-698E-4E14-85B6-E5D8D4C5B2D5}.Debug|Any CPU.Build.0 = Debug|Any CPU
		{AB941C9D-698E-4E14-85B6-E5D8D4C5B2D5}.Release|Any CPU.ActiveCfg = Release|Any CPU
		{AB941C9D-698E-4E14-85B6-E5D8D4C5B2D5}.Release|Any CPU.Build.0 = Release|Any CPU
	EndGlobalSection
	GlobalSection(SolutionProperties) = preSolution
		HideSolutionNode = FALSE
	EndGlobalSection
	GlobalSection(NestedProjects) = preSolution
		{3774BEBA-0BB8-4C17-A421-B6183F7E11A1} = {D9B3FC08-6035-4DB1-B419-5848654F4986}
		{B0BBCCFF-97D6-423B-ABF5-ACC8FFBAD986} = {D9B3FC08-6035-4DB1-B419-5848654F4986}
		{3E2EC6C1-ECA3-4485-BEDC-4090412CEEB4} = {C5E3810D-5CA5-49F4-9F19-62523B4655D3}
		{FBD68B65-EDFB-4C19-B6B3-D642778C281A} = {C5E3810D-5CA5-49F4-9F19-62523B4655D3}
		{C5E3810D-5CA5-49F4-9F19-62523B4655D3} = {D9B3FC08-6035-4DB1-B419-5848654F4986}
		{47C0DC24-A1BC-41DF-8157-558BCC7D8AB9} = {2BD73F3E-2B02-4F3A-A0ED-053D8CCA31AE}
		{6422771B-93F3-4D4B-BE35-545003CD177D} = {2BD73F3E-2B02-4F3A-A0ED-053D8CCA31AE}
		{18618C90-93A7-4275-89EE-7A90090AE161} = {C5E3810D-5CA5-49F4-9F19-62523B4655D3}
		{3D8AF0B5-C6D8-440C-83C7-773C53E37C19} = {2BD73F3E-2B02-4F3A-A0ED-053D8CCA31AE}
		{B90AF4AF-37A0-437A-8661-79ACB54BAFC4} = {C5E3810D-5CA5-49F4-9F19-62523B4655D3}
		{20AB5777-D874-45DA-9E32-3A345211E3AB} = {C5E3810D-5CA5-49F4-9F19-62523B4655D3}
		{0AC75DFD-C14C-42EF-A8F5-3DE82715A569} = {C5E3810D-5CA5-49F4-9F19-62523B4655D3}
		{283F3B4E-18C9-4158-A733-7E8E4E62C67F} = {C5E3810D-5CA5-49F4-9F19-62523B4655D3}
		{BB73D999-2E78-45DB-97BE-490B76802E8B} = {2BD73F3E-2B02-4F3A-A0ED-053D8CCA31AE}
		{D50854B5-0796-4904-8A09-A00CE83C39EC} = {2BD73F3E-2B02-4F3A-A0ED-053D8CCA31AE}
		{9F31C972-9AD6-4FCC-A6A6-2EDCD59F210E} = {D904EB73-065C-44DA-9CFE-F65B7800A56E}
		{1F450B58-329A-42AD-BA3E-8628723122C3} = {D9B3FC08-6035-4DB1-B419-5848654F4986}
		{67FA8D65-5C3F-4FF1-8807-E1919BEDB917} = {1F450B58-329A-42AD-BA3E-8628723122C3}
		{ADD5ED39-3141-4683-8835-A2FB0FD309AB} = {1F450B58-329A-42AD-BA3E-8628723122C3}
		{AB941C9D-698E-4E14-85B6-E5D8D4C5B2D5} = {1F450B58-329A-42AD-BA3E-8628723122C3}
	EndGlobalSection
	GlobalSection(ExtensibilityGlobals) = postSolution
		SolutionGuid = {1F8DB9AC-2F1A-4CE3-B519-FF1BD2AAFD61}
	EndGlobalSection
EndGlobal
